
Microsoft Visual Studio Solution File, Format Version 12.00
# Visual Studio 15
VisualStudioVersion = 15.0.27130.2036
MinimumVisualStudioVersion = 10.0.40219.1
Project("{FAE04EC0-301F-11D3-BF4B-00C04F79EFBC}") = "ЛАБА5ВЫЧМАТ", "ЛАБА5ВЫЧМАТ\ЛАБА5ВЫЧМАТ.csproj", "{CA856685-1630-461D-A060-9ED7B7B9550A}"
EndProject
Project("{F2A71F9B-5D33-465A-A702-920D77279786}") = "ClassLibrary3", "ClassLibrary3\ClassLibrary3.fsproj", "{09A31518-BE48-45D3-849C-203BD8DE90C2}"
EndProject
Global
	GlobalSection(SolutionConfigurationPlatforms) = preSolution
		Debug|Any CPU = Debug|Any CPU
		Release|Any CPU = Release|Any CPU
	EndGlobalSection
	GlobalSection(ProjectConfigurationPlatforms) = postSolution
		{CA856685-1630-461D-A060-9ED7B7B9550A}.Debug|Any CPU.ActiveCfg = Debug|Any CPU
		{CA856685-1630-461D-A060-9ED7B7B9550A}.Debug|Any CPU.Build.0 = Debug|Any CPU
		{CA856685-1630-461D-A060-9ED7B7B9550A}.Release|Any CPU.ActiveCfg = Release|Any CPU
		{CA856685-1630-461D-A060-9ED7B7B9550A}.Release|Any CPU.Build.0 = Release|Any CPU
		{09A31518-BE48-45D3-849C-203BD8DE90C2}.Debug|Any CPU.ActiveCfg = Debug|Any CPU
		{09A31518-BE48-45D3-849C-203BD8DE90C2}.Debug|Any CPU.Build.0 = Debug|Any CPU
		{09A31518-BE48-45D3-849C-203BD8DE90C2}.Release|Any CPU.ActiveCfg = Release|Any CPU
		{09A31518-BE48-45D3-849C-203BD8DE90C2}.Release|Any CPU.Build.0 = Release|Any CPU
	EndGlobalSection
	GlobalSection(SolutionProperties) = preSolution
		HideSolutionNode = FALSE
	EndGlobalSection
	GlobalSection(ExtensibilityGlobals) = postSolution
		SolutionGuid = {E5284FEC-E4DF-4C6E-874C-D75A579C4002}
	EndGlobalSection
EndGlobal
